version = 1
revision = 3
requires-python = ">=3.14"

[[package]]
name = "annotated-doc"
version = "0.0.4"
source = { registry = "https://mirrors.aliyun.com/pypi/simple/" }
sdist = { url = "https://mirrors.aliyun.com/pypi/packages/57/ba/046ceea27344560984e26a590f90bc7f4a75b06701f653222458922b558c/annotated_doc-0.0.4.tar.gz", hash = "sha256:fbcda96e87e9c92ad167c2e53839e57503ecfda18804ea28102353485033faa4" }
wheels = [
    { url = "https://mirrors.aliyun.com/pypi/packages/1e/d3/26bf1008eb3d2daa8ef4cacc7f3bfdc11818d111f7e2d0201bc6e3b49d45/annotated_doc-0.0.4-py3-none-any.whl", hash = "sha256:571ac1dc6991c450b25a9c2d84a3705e2ae7a53467b5d111c24fa8baabbed320" },
]

[[package]]
name = "astroid"
version = "4.0.4"
source = { registry = "https://mirrors.aliyun.com/pypi/simple/" }
sdist = { url = "https://mirrors.aliyun.com/pypi/packages/07/63/0adf26577da5eff6eb7a177876c1cfa213856be9926a000f65c4add9692b/astroid-4.0.4.tar.gz", hash = "sha256:986fed8bcf79fb82c78b18a53352a0b287a73817d6dbcfba3162da36667c49a0" }
wheels = [
    { url = "https://mirrors.aliyun.com/pypi/packages/b0/cf/1c5f42b110e57bc5502eb80dbc3b03d256926062519224835ef08134f1f9/astroid-4.0.4-py3-none-any.whl", hash = "sha256:52f39653876c7dec3e3afd4c2696920e05c83832b9737afc21928f2d2eb7a753" },
]

[[package]]
name = "colorama"
version = "0.4.6"
source = { registry = "https://mirrors.aliyun.com/pypi/simple/" }
sdist = { url = "https://mirrors.aliyun.com/pypi/packages/d8/53/6f443c9a4a8358a93a6792e2acffb9d9d5cb0a5cfd8802644b7b1c9a02e4/colorama-0.4.6.tar.gz", hash = "sha256:08695f5cb7ed6e0531a20572697297273c47b8cae5a63ffc6d6ed5c201be6e44" }
wheels = [
    { url = "https://mirrors.aliyun.com/pypi/packages/d1/d6/3965ed04c63042e047cb6a3e6ed1a63a35087b6a609aa3a15ed8ac56c221/colorama-0.4.6-py2.py3-none-any.whl", hash = "sha256:4f1d9991f5acc0ca119f9d443620b77f9d6b33703e51011c16baf57afb285fc6" },
]

[[package]]
name = "dill"
version = "0.4.1"
source = { registry = "https://mirrors.aliyun.com/pypi/simple/" }
sdist = { url = "https://mirrors.aliyun.com/pypi/packages/81/e1/56027a71e31b02ddc53c7d65b01e68edf64dea2932122fe7746a516f75d5/dill-0.4.1.tar.gz", hash = "sha256:423092df4182177d4d8ba8290c8a5b640c66ab35ec7da59ccfa00f6fa3eea5fa" }
wheels = [
    { url = "https://mirrors.aliyun.com/pypi/packages/1e/77/dc8c558f7593132cf8fefec57c4f60c83b16941c574ac5f619abb3ae7933/dill-0.4.1-py3-none-any.whl", hash = "sha256:1e1ce33e978ae97fcfcff5638477032b801c46c7c65cf717f95fbc2248f79a9d" },
]

[[package]]
name = "gitdb"
version = "4.0.12"
source = { registry = "https://mirrors.aliyun.com/pypi/simple/" }
dependencies = [
    { name = "smmap" },
]
sdist = { url = "https://mirrors.aliyun.com/pypi/packages/72/94/63b0fc47eb32792c7ba1fe1b694daec9a63620db1e313033d18140c2320a/gitdb-4.0.12.tar.gz", hash = "sha256:5ef71f855d191a3326fcfbc0d5da835f26b13fbcba60c32c21091c349ffdb571" }
wheels = [
    { url = "https://mirrors.aliyun.com/pypi/packages/a0/61/5c78b91c3143ed5c14207f463aecfc8f9dbb5092fb2869baf37c273b2705/gitdb-4.0.12-py3-none-any.whl", hash = "sha256:67073e15955400952c6565cc3e707c554a4eea2e428946f7a4c162fab9bd9bcf" },
]

[[package]]
name = "gitpython"
version = "3.1.50"
source = { registry = "https://mirrors.aliyun.com/pypi/simple/" }
dependencies = [
    { name = "gitdb" },
]
sdist = { url = "https://mirrors.aliyun.com/pypi/packages/33/f6/354ae6491228b5eb40e10d89c4d13c651fe1cf7556e35ebdded50cff57ce/gitpython-3.1.50.tar.gz", hash = "sha256:80da2d12504d52e1f998772dc5baf6e553f8d2fcfe1fcc226c9d9a2ee3372dcc" }
wheels = [
    { url = "https://mirrors.aliyun.com/pypi/packages/20/7a/1c6e3562dfd8950adbb11ffbc65d21e7c89d01a6e4f137fa981056de25c5/gitpython-3.1.50-py3-none-any.whl", hash = "sha256:d352abe2908d07355014abdd21ddf798c2a961469239afec4962e9da884858f9" },
]

[[package]]
name = "isort"
version = "8.0.1"
source = { registry = "https://mirrors.aliyun.com/pypi/simple/" }
sdist = { url = "https://mirrors.aliyun.com/pypi/packages/ef/7c/ec4ab396d31b3b395e2e999c8f46dec78c5e29209fac49d1f4dace04041d/isort-8.0.1.tar.gz", hash = "sha256:171ac4ff559cdc060bcfff550bc8404a486fee0caab245679c2abe7cb253c78d" }
wheels = [
    { url = "https://mirrors.aliyun.com/pypi/packages/3e/95/c7c34aa53c16353c56d0b802fba48d5f5caa2cdee7958acbcb795c830416/isort-8.0.1-py3-none-any.whl", hash = "sha256:28b89bc70f751b559aeca209e6120393d43fbe2490de0559662be7a9787e3d75" },
]

[[package]]
name = "markdown-it-py"
version = "4.2.0"
source = { registry = "https://mirrors.aliyun.com/pypi/simple/" }
dependencies = [
    { name = "mdurl" },
]
sdist = { url = "https://mirrors.aliyun.com/pypi/packages/06/ff/7841249c247aa650a76b9ee4bbaeae59370dc8bfd2f6c01f3630c35eb134/markdown_it_py-4.2.0.tar.gz", hash = "sha256:04a21681d6fbb623de53f6f364d352309d4094dd4194040a10fd51833e418d49" }
wheels = [
    { url = "https://mirrors.aliyun.com/pypi/packages/b3/81/4da04ced5a082363ecfa159c010d200ecbd959ae410c10c0264a38cac0f5/markdown_it_py-4.2.0-py3-none-any.whl", hash = "sha256:9f7ebbcd14fe59494226453aed97c1070d83f8d24b6fc3a3bcf9a38092641c4a" },
]

[[package]]
name = "mccabe"
version = "0.7.0"
source = { registry = "https://mirrors.aliyun.com/pypi/simple/" }
sdist = { url = "https://mirrors.aliyun.com/pypi/packages/e7/ff/0ffefdcac38932a54d2b5eed4e0ba8a408f215002cd178ad1df0f2806ff8/mccabe-0.7.0.tar.gz", hash = "sha256:348e0240c33b60bbdf4e523192ef919f28cb2c3d7d5c7794f74009290f236325" }
wheels = [
    { url = "https://mirrors.aliyun.com/pypi/packages/27/1a/1f68f9ba0c207934b35b86a8ca3aad8395a3d6dd7921c0686e23853ff5a9/mccabe-0.7.0-py2.py3-none-any.whl", hash = "sha256:6c2d30ab6be0e4a46919781807b4f0d834ebdd6c6e3dca0bda5a15f863427b6e" },
]

[[package]]
name = "mdurl"
version = "0.1.2"
source = { registry = "https://mirrors.aliyun.com/pypi/simple/" }
sdist = { url = "https://mirrors.aliyun.com/pypi/packages/d6/54/cfe61301667036ec958cb99bd3efefba235e65cdeb9c84d24a8293ba1d90/mdurl-0.1.2.tar.gz", hash = "sha256:bb413d29f5eea38f31dd4754dd7377d4465116fb207585f97bf925588687c1ba" }
wheels = [
    { url = "https://mirrors.aliyun.com/pypi/packages/b3/38/89ba8ad64ae25be8de66a6d463314cf1eb366222074cfda9ee839c56a4b4/mdurl-0.1.2-py3-none-any.whl", hash = "sha256:84008a41e51615a49fc9966191ff91509e3c40b939176e643fd50a5c2196b8f8" },
]

[[package]]
name = "nodeenv"
version = "1.10.0"
source = { registry = "https://mirrors.aliyun.com/pypi/simple/" }
sdist = { url = "https://mirrors.aliyun.com/pypi/packages/24/bf/d1bda4f6168e0b2e9e5958945e01910052158313224ada5ce1fb2e1113b8/nodeenv-1.10.0.tar.gz", hash = "sha256:996c191ad80897d076bdfba80a41994c2b47c68e224c542b48feba42ba00f8bb" }
wheels = [
    { url = "https://mirrors.aliyun.com/pypi/packages/88/b2/d0896bdcdc8d28a7fc5717c305f1a861c26e18c05047949fb371034d98bd/nodeenv-1.10.0-py2.py3-none-any.whl", hash = "sha256:5bb13e3eed2923615535339b3c620e76779af4cb4c6a90deccc9e36b274d3827" },
]

[[package]]
name = "platformdirs"
version = "4.10.0"
source = { registry = "https://mirrors.aliyun.com/pypi/simple/" }
sdist = { url = "https://mirrors.aliyun.com/pypi/packages/d7/47/e4501f49c178ae1d9f4a75073fda4204f52647993f075a9db4d14930e0c5/platformdirs-4.10.0.tar.gz", hash = "sha256:31e761a6a0ca04faf7353ea759bdba55652be214725111e5aac52dfa29d4bef7" }
wheels = [
    { url = "https://mirrors.aliyun.com/pypi/packages/81/e6/cd9575ac904136b3cbf7aa7ee819ef86eedb7274e46f230e94ea4342e729/platformdirs-4.10.0-py3-none-any.whl", hash = "sha256:fb516cdb12eb0d857d0cd85a7c57cea4d060bee4578d6cf5a14dfdf8cbf8784a" },
]

[[package]]
name = "pygments"
version = "2.20.0"
source = { registry = "https://mirrors.aliyun.com/pypi/simple/" }
sdist = { url = "https://mirrors.aliyun.com/pypi/packages/c3/b2/bc9c9196916376152d655522fdcebac55e66de6603a76a02bca1b6414f6c/pygments-2.20.0.tar.gz", hash = "sha256:6757cd03768053ff99f3039c1a36d6c0aa0b263438fcab17520b30a303a82b5f" }
wheels = [
    { url = "https://mirrors.aliyun.com/pypi/packages/f4/7e/a72dd26f3b0f4f2bf1dd8923c85f7ceb43172af56d63c7383eb62b332364/pygments-2.20.0-py3-none-any.whl", hash = "sha256:81a9e26dd42fd28a23a2d169d86d7ac03b46e2f8b59ed4698fb4785f946d0176" },
]

[[package]]
name = "pylint"
version = "4.0.5"
source = { registry = "https://mirrors.aliyun.com/pypi/simple/" }
dependencies = [
    { name = "astroid" },
    { name = "colorama", marker = "sys_platform == 'win32'" },
    { name = "dill" },
    { name = "isort" },
    { name = "mccabe" },
    { name = "platformdirs" },
    { name = "tomlkit" },
]
sdist = { url = "https://mirrors.aliyun.com/pypi/packages/e4/b6/74d9a8a68b8067efce8d07707fe6a236324ee1e7808d2eb3646ec8517c7d/pylint-4.0.5.tar.gz", hash = "sha256:8cd6a618df75deb013bd7eb98327a95f02a6fb839205a6bbf5456ef96afb317c" }
wheels = [
    { url = "https://mirrors.aliyun.com/pypi/packages/d5/6f/9ac2548e290764781f9e7e2aaf0685b086379dabfb29ca38536985471eaf/pylint-4.0.5-py3-none-any.whl", hash = "sha256:00f51c9b14a3b3ae08cff6b2cdd43f28165c78b165b628692e428fb1f8dc2cf2" },
]

[[package]]
name = "pyright"
version = "1.1.410"
source = { registry = "https://mirrors.aliyun.com/pypi/simple/" }
dependencies = [
    { name = "nodeenv" },
    { name = "typing-extensions" },
]
sdist = { url = "https://mirrors.aliyun.com/pypi/packages/10/53/e4d8ea1391bd4355231be6f91bf239479aa0014260ed3fb5526eeb12a1f2/pyright-1.1.410.tar.gz", hash = "sha256:07a073b8ba6749826773c1269773efa11b93440d9a6aa60419d9a3172d6dc488" }
wheels = [
    { url = "https://mirrors.aliyun.com/pypi/packages/d7/33/288b5868fa00846dacf249633719d747893e54aebd196b9968ac1878a5d3/pyright-1.1.410-py3-none-any.whl", hash = "sha256:5e961bed37cacf96b3f7cd7b1da39b350a9239aa2e69138d0e88f728cfaf296c" },
]

[[package]]
name = "rich"
version = "15.0.0"
source = { registry = "https://mirrors.aliyun.com/pypi/simple/" }
dependencies = [
    { name = "markdown-it-py" },
    { name = "pygments" },
]
sdist = { url = "https://mirrors.aliyun.com/pypi/packages/c0/8f/0722ca900cc807c13a6a0c696dacf35430f72e0ec571c4275d2371fca3e9/rich-15.0.0.tar.gz", hash = "sha256:edd07a4824c6b40189fb7ac9bc4c52536e9780fbbfbddf6f1e2502c31b068c36" }
wheels = [
    { url = "https://mirrors.aliyun.com/pypi/packages/82/3b/64d4899d73f91ba49a8c18a8ff3f0ea8f1c1d75481760df8c68ef5235bf5/rich-15.0.0-py3-none-any.whl", hash = "sha256:33bd4ef74232fb73fe9279a257718407f169c09b78a87ad3d296f548e27de0bb" },
]

[[package]]
name = "ruff"
version = "0.15.16"
source = { registry = "https://mirrors.aliyun.com/pypi/simple/" }
sdist = { url = "https://mirrors.aliyun.com/pypi/packages/a6/bd/5f7ec371001337d8fa61701c186ff8b613ecac1651848c5950f4c4d5f2e9/ruff-0.15.16.tar.gz", hash = "sha256:d05e78d38c78caf020b03789e25106c93017db5a0cb6e2819885018c61343b78" }
wheels = [
    { url = "https://mirrors.aliyun.com/pypi/packages/0c/42/53ef1c3953f157956db9bf7861e3bc50b9b887ce93300aa48cdba8336fe6/ruff-0.15.16-py3-none-linux_armv6l.whl", hash = "sha256:6ac3c0b3969cc6cf6b158c4e2f8f682acb58e7d700d8a44b65ecdc72d66ab0b2" },
    { url = "https://mirrors.aliyun.com/pypi/packages/93/9a/a79159346f19134a956607754e57d8d128f7a4c00f4ad2f7514d224c172c/ruff-0.15.16-py3-none-macosx_10_12_x86_64.whl", hash = "sha256:197c207ed75ffba54a0dec23db4aa939a27a3053073e085e0042433cbdc58e4a" },
    { url = "https://mirrors.aliyun.com/pypi/packages/bc/72/3ce2ac000a5299ec238e01f51397b3b653c93b077d9b1bfe8715bb895f20/ruff-0.15.16-py3-none-macosx_11_0_arm64.whl", hash = "sha256:3a39fec45ab316cc23e7558f23fea4a70403ddb5648ea9a4a3854a16973d0071" },
    { url = "https://mirrors.aliyun.com/pypi/packages/b0/c2/cc7fad3ec9169373f5b6a18f1917b91080feec40c3f9658334a1d28e2f03/ruff-0.15.16-py3-none-manylinux_2_17_aarch64.manylinux2014_aarch64.whl", hash = "sha256:ba93191d79003116b95128c9d306e045200fdbd0bccb782b110f3cd1d4abc5cf" },
    { url = "https://mirrors.aliyun.com/pypi/packages/69/d2/3474009eaa0a65b31fa7152a2fad5e2f050c640ceb1e6b02ee6922e94c82/ruff-0.15.16-py3-none-manylinux_2_17_armv7l.manylinux2014_armv7l.whl", hash = "sha256:c6ee4b90520630120ef032aa5cc10db483852dff950e78b1d717e2993a61ac8d" },
    { url = "https://mirrors.aliyun.com/pypi/packages/ca/81/b7ae6ccbd11f0c8dc3d5d67fc4be9b57ff57ca86ba56152021378e1277f2/ruff-0.15.16-py3-none-manylinux_2_17_i686.manylinux2014_i686.whl", hash = "sha256:4e4215bc938bc3c8215c1472c1aa437e310fee20cd427335fec9d7e609563628" },
    { url = "https://mirrors.aliyun.com/pypi/packages/d9/e1/46e526f1a7cc90857ce6ddf25fbb77eb6568651ac38d71b033af07076dd5/ruff-0.15.16-py3-none-manylinux_2_17_ppc64le.manylinux2014_ppc64le.whl", hash = "sha256:7c8d26be963b090f10e29abc8b3e74a2a321f6fa34e02424e30b5af89350ecbb" },
    { url = "https://mirrors.aliyun.com/pypi/packages/1a/da/5c791b088b596b24d0deb967fa28ae02ad751a140c0b9ea81c5ab915d6c0/ruff-0.15.16-py3-none-manylinux_2_17_s390x.manylinux2014_s390x.whl", hash = "sha256:f198cf4123602a2280ed46c307bcbafe41758d6fee5b456b6b6058ca1514b3b4" },
    { url = "https://mirrors.aliyun.com/pypi/packages/72/11/5da87abe20047c8962361473923ebb2f62b595250126aadfad8c20649c1e/ruff-0.15.16-py3-none-manylinux_2_17_x86_64.manylinux2014_x86_64.whl", hash = "sha256:bb27515fa6240fb586ae82b901a59e67d24acff86f2190b433dc542fe0435aeb" },
    { url = "https://mirrors.aliyun.com/pypi/packages/fe/2a/8554754c23a854ae3fd6b507e36ad61ddb121e298c6d5d617dec94ed0f14/ruff-0.15.16-py3-none-manylinux_2_31_riscv64.whl", hash = "sha256:a267c46ba1593fc26b8eecbea050b39d40c0b6bb7781ee11c90a02cd10032951" },
    { url = "https://mirrors.aliyun.com/pypi/packages/62/25/62ea41529ec89f742ea3fed9cb1059c72877ec7cf9b9e99ac9cf3294d1d9/ruff-0.15.16-py3-none-musllinux_1_2_aarch64.whl", hash = "sha256:528c68f39a91498a8d50e91ff5985df3d105782bab49cc378e73ac26bff083e8" },
    { url = "https://mirrors.aliyun.com/pypi/packages/90/17/334d3ad9de4d40f9dd58fdd09e35ce64553bb501e2f19a839e2fb6be14fc/ruff-0.15.16-py3-none-musllinux_1_2_armv7l.whl", hash = "sha256:7ed55c58950df60589a9a7a5d2f8fa5f54ebd287163be805adfe6ee95a9de123" },
    { url = "https://mirrors.aliyun.com/pypi/packages/4d/bd/3ac7c6ae77a885c1004b3dda2446ea401768d24f851c14b4ad4b24f6639c/ruff-0.15.16-py3-none-musllinux_1_2_i686.whl", hash = "sha256:d482feaf51512b50f9790ceb417a56a61dd1e9d9bf967662b9ed27c01b34f53a" },
    { url = "https://mirrors.aliyun.com/pypi/packages/33/d7/609546e6a413c3f216fbf2a50c928f97c80939154f6a0503114094a86191/ruff-0.15.16-py3-none-musllinux_1_2_x86_64.whl", hash = "sha256:1e15bc8c94513dae2a40cc9ef07c94fdd4ecc9e29dabebeebe170f952322c9e3" },
    { url = "https://mirrors.aliyun.com/pypi/packages/74/0d/f2cd247ad32633a5c36e97141a2c21b11c6279f7957bc2ff360b1e08fddd/ruff-0.15.16-py3-none-win32.whl", hash = "sha256:580378f7bd4aa25f72e74aa54948a9622f142b1e509521dd10902e886681cc1e" },
    { url = "https://mirrors.aliyun.com/pypi/packages/8b/9e/02e845ef151b1dee585e55c4739f8e1734ae1d9f1221dff65761c162208b/ruff-0.15.16-py3-none-win_amd64.whl", hash = "sha256:408256017284eddf98fff77b29aa4fb30f586042d535b2d9befc6512f400aaec" },
    { url = "https://mirrors.aliyun.com/pypi/packages/15/19/016553f86f207450aebebc2b2b5088d086b901cc8186c02ac4284db3bd88/ruff-0.15.16-py3-none-win_arm64.whl", hash = "sha256:8cd61783afb39638a7133ef0d2dfb1e91277593962f81b5a8423eb0b888a6121" },
]

[[package]]
name = "shellingham"
version = "1.5.4"
source = { registry = "https://mirrors.aliyun.com/pypi/simple/" }
sdist = { url = "https://mirrors.aliyun.com/pypi/packages/58/15/8b3609fd3830ef7b27b655beb4b4e9c62313a4e8da8c676e142cc210d58e/shellingham-1.5.4.tar.gz", hash = "sha256:8dbca0739d487e5bd35ab3ca4b36e11c4078f3a234bfce294b0a0291363404de" }
wheels = [
    { url = "https://mirrors.aliyun.com/pypi/packages/e0/f9/0595336914c5619e5f28a1fb793285925a8cd4b432c9da0a987836c7f822/shellingham-1.5.4-py2.py3-none-any.whl", hash = "sha256:7ecfff8f2fd72616f7481040475a65b2bf8af90a56c89140852d1120324e8686" },
]

[[package]]
name = "small-git"
version = "1.0.0"
source = { virtual = "." }
dependencies = [
    { name = "gitpython" },
    { name = "pylint" },
    { name = "pyright" },
    { name = "rich" },
    { name = "ruff" },
    { name = "ty" },
    { name = "typer" },
]

[package.metadata]
requires-dist = [
    { name = "gitpython", specifier = ">=3.1.50" },
    { name = "pylint", specifier = ">=4.0.5" },
    { name = "pyright", specifier = ">=1.1.410" },
    { name = "rich", specifier = ">=15.0.0" },
    { name = "ruff", specifier = ">=0.15.15" },
    { name = "ty", specifier = ">=0.0.42" },
    { name = "typer", specifier = ">=0.26.5" },
]

[[package]]
name = "smmap"
version = "5.0.3"
source = { registry = "https://mirrors.aliyun.com/pypi/simple/" }
sdist = { url = "https://mirrors.aliyun.com/pypi/packages/1f/ea/49c993d6dfdd7338c9b1000a0f36817ed7ec84577ae2e52f890d1a4ff909/smmap-5.0.3.tar.gz", hash = "sha256:4d9debb8b99007ae47165abc08670bd74cb74b5227dda7f643eccc4e9eb5642c" }
wheels = [
    { url = "https://mirrors.aliyun.com/pypi/packages/c1/d4/59e74daffcb57a07668852eeeb6035af9f32cbfd7a1d2511f17d2fe6a738/smmap-5.0.3-py3-none-any.whl", hash = "sha256:c106e05d5a61449cf6ba9a1e650227ecfb141590d2a98412103ff35d89fc7b2f" },
]

[[package]]
name = "tomlkit"
version = "0.15.0"
source = { registry = "https://mirrors.aliyun.com/pypi/simple/" }
sdist = { url = "https://mirrors.aliyun.com/pypi/packages/51/db/03eaf4331631ef6b27d6e3c9b68c54dc6f0d63d87201fed600cc409307fd/tomlkit-0.15.0.tar.gz", hash = "sha256:7d1a9ecba3086638211b13814ea79c90dd54dd11993564376f3aa92271f5c7a3" }
wheels = [
    { url = "https://mirrors.aliyun.com/pypi/packages/6a/43/8bd850ee71a191bf072e31302c73a66be413fecdd98fdcd111ecbcce13ca/tomlkit-0.15.0-py3-none-any.whl", hash = "sha256:4dbc8f0fc024412b57ced8757ac7461305126a648ff8c2c807fcb8e133a78738" },
]

[[package]]
name = "ty"
version = "0.0.48"
source = { registry = "https://mirrors.aliyun.com/pypi/simple/" }
sdist = { url = "https://mirrors.aliyun.com/pypi/packages/0c/ad/7a6568b4a8dbb6531ef4f13cd5658e0e4fbd18b890a137b96e1ac87638d5/ty-0.0.48.tar.gz", hash = "sha256:aa54d69b755ea3f765975abdc5fe41f8daca45b1aabc57f91ddd3bd4b7e0c2de" }
wheels = [
    { url = "https://mirrors.aliyun.com/pypi/packages/92/14/6872bdcd4b2da07c9edebafa22280020b4bc46fe0dcfaad3900cf5b7eede/ty-0.0.48-py3-none-linux_armv6l.whl", hash = "sha256:a6709c6a043524fa36735448e87c902d428033c5f3df7cdf81361ed93b99552c" },
    { url = "https://mirrors.aliyun.com/pypi/packages/7d/5c/5f1ee9ee82e05ec7e5456d07ee488776003e3bcc77acdf863b5b14880465/ty-0.0.48-py3-none-macosx_10_12_x86_64.whl", hash = "sha256:f52a04c3f9e464860e2ce44afa60d98079c5e09e4e4940990ebe5f3ba9cf3dff" },
    { url = "https://mirrors.aliyun.com/pypi/packages/cd/15/933a57a0bdbbfa82f0c7cf884d45155628edc2d44e8afe9d8a172aafc0d7/ty-0.0.48-py3-none-macosx_11_0_arm64.whl", hash = "sha256:cd3cb6ee735cfb544e1d6c7cabda7164fd29d1a3ded84f22f092495530faafe2" },
    { url = "https://mirrors.aliyun.com/pypi/packages/77/f2/12acd376cc719ebcff1d76efc1cafcc98a24c0f6fb23e730860024cdd965/ty-0.0.48-py3-none-manylinux_2_17_aarch64.manylinux2014_aarch64.whl", hash = "sha256:5846c1c9e1777e60fa204d9b7c912e8db8647bdc8d4fcb176ccb3278ed96635a" },
    { url = "https://mirrors.aliyun.com/pypi/packages/6f/db/b839e397f016274a175f71c53b959007ab5bb1c2928746fbb4a7a2c61153/ty-0.0.48-py3-none-manylinux_2_17_armv7l.manylinux2014_armv7l.whl", hash = "sha256:518d08a7194a5d3d07b5f459cace1e2a3a8d67c58e27b092bc948078c03fdad9" },
    { url = "https://mirrors.aliyun.com/pypi/packages/dc/39/908e9c2141ff133452552b1f0b0c278b52812047ea671b59dfb064f1180c/ty-0.0.48-py3-none-manylinux_2_17_i686.manylinux2014_i686.whl", hash = "sha256:bea4240fd52b1405c090c649bf1786a995f0809499e1a8bedf6a6a372f925a98" },
    { url = "https://mirrors.aliyun.com/pypi/packages/e6/51/aa0e5fae345cd5fea8a8d5cfce6a900604ea42b99b3d6b7da99787e60505/ty-0.0.48-py3-none-manylinux_2_17_ppc64le.manylinux2014_ppc64le.whl", hash = "sha256:7c5241363be03c1ca0cd2b60c5ccf55a5f2803ddfa80fd61944b405fc21226c1" },
    { url = "https://mirrors.aliyun.com/pypi/packages/32/d0/6928525166890b04cbb9fc75d6308dbda3bdd81d1c076dade2d36c2276a6/ty-0.0.48-py3-none-manylinux_2_17_s390x.manylinux2014_s390x.whl", hash = "sha256:e22ede258dd37a3117db0259fc80001615a6dfddc36dbb0371253f97fd7fd817" },
    { url = "https://mirrors.aliyun.com/pypi/packages/ef/3d/7cb614c74f8883720034ca5ee9ce3d213aff762ad87f50315b50fad705ce/ty-0.0.48-py3-none-manylinux_2_17_x86_64.manylinux2014_x86_64.whl", hash = "sha256:ee756f22cfc8e72c8e01c695c0b97caab6de1df1a299e7c7c6e31a6249441fed" },
    { url = "https://mirrors.aliyun.com/pypi/packages/f7/44/391886e74ef7d126aeb1096fc0002a595d99ed87febfb9fe0b2b859325e6/ty-0.0.48-py3-none-manylinux_2_31_riscv64.whl", hash = "sha256:05ebfcc99da65786ba42ddb9cab9c1f2d50ad66493f512242fce40036c51fb98" },
    { url = "https://mirrors.aliyun.com/pypi/packages/7d/42/dcfe9ace7cbdf6c9a242b26ed7281c692fdf054468255422b277753dd296/ty-0.0.48-py3-none-musllinux_1_2_aarch64.whl", hash = "sha256:11f88996c497cb08a33fb5019ea66d096bba469d23b2fed53ee604dff5fd94ae" },
    { url = "https://mirrors.aliyun.com/pypi/packages/d5/13/fbd8aabf8fc2034c70538b3ce472ada31391d5e7c86f9ea724940afdf43b/ty-0.0.48-py3-none-musllinux_1_2_armv7l.whl", hash = "sha256:70e5e4edbdec56c146f085617f085ae4c7d5dfecbefccef51e093f506af9b02e" },
    { url = "https://mirrors.aliyun.com/pypi/packages/64/09/44e53ac462952f8988aa27a5c141c2f3535fc4fcb68f571d80baf73939e4/ty-0.0.48-py3-none-musllinux_1_2_i686.whl", hash = "sha256:d420c3478f338511e47a2987052e5099b7f67aa0ab725e5e1e2f5658d11099bd" },
    { url = "https://mirrors.aliyun.com/pypi/packages/89/15/b1b22a01094ce9b2a5ecaf6fe1530490dc25b0260551d702e881b2601014/ty-0.0.48-py3-none-musllinux_1_2_x86_64.whl", hash = "sha256:0bf036e2e3a359c1e83883a46a4d2076617511d7329fe5421c7d158f28e19615" },
    { url = "https://mirrors.aliyun.com/pypi/packages/74/e9/9bba0e7fcc3a5058d7fa55be410356991925cc0f6546ccd1eb0821aee48f/ty-0.0.48-py3-none-win32.whl", hash = "sha256:19ad4acd4347ca3e206e7455c2a05fba228e1b3186463517bcb783f88885ff78" },
    { url = "https://mirrors.aliyun.com/pypi/packages/bd/6a/71d815058affbbc26d43538002c74203cf6a72a4b342981fc13324e64412/ty-0.0.48-py3-none-win_amd64.whl", hash = "sha256:1f496d799abab6e5a26c901a049163f171aa1b40c8e418cdf76adf3444d1b0db" },
    { url = "https://mirrors.aliyun.com/pypi/packages/1a/fe/a8f8ad81612ab7f75a170c70710f8d2c4ada39e86b827a4e524086f50c24/ty-0.0.48-py3-none-win_arm64.whl", hash = "sha256:77c94e4484897c3a184821cd56274b71f1c001663331f9c1ba06ac889633bff6" },
]

[[package]]
name = "typer"
version = "0.26.7"
source = { registry = "https://mirrors.aliyun.com/pypi/simple/" }
dependencies = [
    { name = "annotated-doc" },
    { name = "colorama", marker = "sys_platform == 'win32'" },
    { name = "rich" },
    { name = "shellingham" },
]
sdist = { url = "https://mirrors.aliyun.com/pypi/packages/5e/ed/ef06584ccdd5c410df0837951ecd7e15d9a6144ea1bd4c73cecab1a89891/typer-0.26.7.tar.gz", hash = "sha256:e314a34c617e419c091b2830dda3ea1f257134ff593061a8f5b9717ab8dddb3a" }
wheels = [
    { url = "https://mirrors.aliyun.com/pypi/packages/24/25/2201973529af2c954de0bb725323c3aaed6d7f0ceee8f550dec9185df013/typer-0.26.7-py3-none-any.whl", hash = "sha256:5c87cfbc5d34491c5346ebf49c23e18d56ccb863268d3a8d592b26087c2f5e58" },
]

[[package]]
name = "typing-extensions"
version = "4.15.0"
source = { registry = "https://mirrors.aliyun.com/pypi/simple/" }
sdist = { url = "https://mirrors.aliyun.com/pypi/packages/72/94/1a15dd82efb362ac84269196e94cf00f187f7ed21c242792a923cdb1c61f/typing_extensions-4.15.0.tar.gz", hash = "sha256:0cea48d173cc12fa28ecabc3b837ea3cf6f38c6d1136f85cbaaf598984861466" }
wheels = [
    { url = "https://mirrors.aliyun.com/pypi/packages/18/67/36e9267722cc04a6b9f15c7f3441c2363321a3ea07da7ae0c0707beb2a9c/typing_extensions-4.15.0-py3-none-any.whl", hash = "sha256:f0fa19c6845758ab08074a0cfa8b7aecb71c999ca73d62883bc25cc018c4e548" },
]
